// !$*UTF8*$!
{
	archiveVersion = 1;
	classes = {
	};
	objectVersion = 55;
	objects = {

/* Begin PBXBuildFile section */
		C5616F6B28B8E81F009F2050 /* AppDelegate.swift in Sources */ = {isa = PBXBuildFile; fileRef = C5616F6A28B8E81F009F2050 /* AppDelegate.swift */; };
		C5616F6D28B8E81F009F2050 /* SceneDelegate.swift in Sources */ = {isa = PBXBuildFile; fileRef = C5616F6C28B8E81F009F2050 /* SceneDelegate.swift */; };
		C5616F6F28B8E81F009F2050 /* ViewController.swift in Sources */ = {isa = PBXBuildFile; fileRef = C5616F6E28B8E81F009F2050 /* ViewController.swift */; };
		C5616F7228B8E81F009F2050 /* Main.storyboard in Resources */ = {isa = PBXBuildFile; fileRef = C5616F7028B8E81F009F2050 /* Main.storyboard */; };
		C5616F7428B8E820009F2050 /* Assets.xcassets in Resources */ = {isa = PBXBuildFile; fileRef = C5616F7328B8E820009F2050 /* Assets.xcassets */; };
		C5616F7728B8E820009F2050 /* LaunchScreen.storyboard in Resources */ = {isa = PBXBuildFile; fileRef = C5616F7528B8E820009F2050 /* LaunchScreen.storyboard */; };
		C5616F8528B8EABA009F2050 /* UniformTypeIdentifiers.framework in Frameworks */ = {isa = PBXBuildFile; fileRef = C5616F8428B8EABA009F2050 /* UniformTypeIdentifiers.framework */; };
		C5616F8828B8EABB009F2050 /* Media.xcassets in Resources */ = {isa = PBXBuildFile; fileRef = C5616F8728B8EABA009F2050 /* Media.xcassets */; };
		C5616F8A28B8EABB009F2050 /* ActionViewController.swift in Sources */ = {isa = PBXBuildFile; fileRef = C5616F8928B8EABB009F2050 /* ActionViewController.swift */; };
		C5616F8D28B8EABB009F2050 /* MainInterface.storyboard in Resources */ = {isa = PBXBuildFile; fileRef = C5616F8B28B8EABB009F2050 /* MainInterface.storyboard */; };
		C5616F9128B8EABB009F2050 /* Extension.appex in Embed App Extensions */ = {isa = PBXBuildFile; fileRef = C5616F8228B8EABA009F2050 /* Extension.appex */; settings = {ATTRIBUTES = (RemoveHeadersOnCopy, ); }; };
		C5616F9728B8F01D009F2050 /* Action.js in Resources */ = {isa = PBXBuildFile; fileRef = C5616F9628B8F01D009F2050 /* Action.js */; };
/* End PBXBuildFile section */

/* Begin PBXContainerItemProxy section */
		C5616F8F28B8EABB009F2050 /* PBXContainerItemProxy */ = {
			isa = PBXContainerItemProxy;
			containerPortal = C5616F5F28B8E81F009F2050 /* Project object */;
			proxyType = 1;
			remoteGlobalIDString = C5616F8128B8EABA009F2050;
			remoteInfo = Extension;
		};
/* End PBXContainerItemProxy section */

/* Begin PBXCopyFilesBuildPhase section */
		C5616F9528B8EABB009F2050 /* Embed App Extensions */ = {
			isa = PBXCopyFilesBuildPhase;
			buildActionMask = 2147483647;
			dstPath = "";
			dstSubfolderSpec = 13;
			files = (
				C5616F9128B8EABB009F2050 /* Extension.appex in Embed App Extensions */,
			);
			name = "Embed App Extensions";
			runOnlyForDeploymentPostprocessing = 0;
		};
/* End PBXCopyFilesBuildPhase section */

/* Begin PBXFileReference section */
		C5616F6728B8E81F009F2050 /* Project19SafariExtension.app */ = {isa = PBXFileReference; explicitFileType = wrapper.application; includeInIndex = 0; path = Project19SafariExtension.app; sourceTree = BUILT_PRODUCTS_DIR; };
		C5616F6A28B8E81F009F2050 /* AppDelegate.swift */ = {isa = PBXFileReference; lastKnownFileType = sourcecode.swift; path = AppDelegate.swift; sourceTree = "<group>"; };
		C5616F6C28B8E81F009F2050 /* SceneDelegate.swift */ = {isa = PBXFileReference; lastKnownFileType = sourcecode.swift; path = SceneDelegate.swift; sourceTree = "<group>"; };
		C5616F6E28B8E81F009F2050 /* ViewController.swift */ = {isa = PBXFileReference; lastKnownFileType = sourcecode.swift; path = ViewController.swift; sourceTree = "<group>"; };
		C5616F7128B8E81F009F2050 /* Base */ = {isa = PBXFileReference; lastKnownFileType = file.storyboard; name = Base; path = Base.lproj/Main.storyboard; sourceTree = "<group>"; };
		C5616F7328B8E820009F2050 /* Assets.xcassets */ = {isa = PBXFileReference; lastKnownFileType = folder.assetcatalog; path = Assets.xcassets; sourceTree = "<group>"; };
		C5616F7628B8E820009F2050 /* Base */ = {isa = PBXFileReference; lastKnownFileType = file.storyboard; name = Base; path = Base.lproj/LaunchScreen.storyboard; sourceTree = "<group>"; };
		C5616F7828B8E820009F2050 /* Info.plist */ = {isa = PBXFileReference; lastKnownFileType = text.plist.xml; path = Info.plist; sourceTree = "<group>"; };
		C5616F8228B8EABA009F2050 /* Extension.appex */ = {isa = PBXFileReference; explicitFileType = "wrapper.app-extension"; includeInIndex = 0; path = Extension.appex; sourceTree = BUILT_PRODUCTS_DIR; };
		C5616F8428B8EABA009F2050 /* UniformTypeIdentifiers.framework */ = {isa = PBXFileReference; lastKnownFileType = wrapper.framework; name = UniformTypeIdentifiers.framework; path = System/Library/Frameworks/UniformTypeIdentifiers.framework; sourceTree = SDKROOT; };
		C5616F8728B8EABA009F2050 /* Media.xcassets */ = {isa = PBXFileReference; lastKnownFileType = folder.assetcatalog; path = Media.xcassets; sourceTree = "<group>"; };
		C5616F8928B8EABB009F2050 /* ActionViewController.swift */ = {isa = PBXFileReference; lastKnownFileType = sourcecode.swift; path = ActionViewController.swift; sourceTree = "<group>"; };
		C5616F8C28B8EABB009F2050 /* Base */ = {isa = PBXFileReference; lastKnownFileType = file.storyboard; name = Base; path = Base.lproj/MainInterface.storyboard; sourceTree = "<group>"; };
		C5616F8E28B8EABB009F2050 /* Info.plist */ = {isa = PBXFileReference; lastKnownFileType = text.plist.xml; path = Info.plist; sourceTree = "<group>"; };
		C5616F9628B8F01D009F2050 /* Action.js */ = {isa = PBXFileReference; lastKnownFileType = sourcecode.javascript; path = Action.js; sourceTree = "<group>"; };
/* End PBXFileReference section */

/* Begin PBXFrameworksBuildPhase section */
		C5616F6428B8E81F009F2050 /* Frameworks */ = {
			isa = PBXFrameworksBuildPhase;
			buildActionMask = 2147483647;
			files = (
			);
			runOnlyForDeploymentPostprocessing = 0;
		};
		C5616F7F28B8EABA009F2050 /* Frameworks */ = {
			isa = PBXFrameworksBuildPhase;
			buildActionMask = 2147483647;
			files = (
				C5616F8528B8EABA009F2050 /* UniformTypeIdentifiers.framework in Frameworks */,
			);
			runOnlyForDeploymentPostprocessing = 0;
		};
/* End PBXFrameworksBuildPhase section */

/* Begin PBXGroup section */
		C5616F5E28B8E81F009F2050 = {
			isa = PBXGroup;
			children = (
				C5616F6928B8E81F009F2050 /* Project19SafariExtension */,
				C5616F8628B8EABA009F2050 /* Extension */,
				C5616F8328B8EABA009F2050 /* Frameworks */,
				C5616F6828B8E81F009F2050 /* Products */,
			);
			sourceTree = "<group>";
		};
		C5616F6828B8E81F009F2050 /* Products */ = {
			isa = PBXGroup;
			children = (
				C5616F6728B8E81F009F2050 /* Project19SafariExtension.app */,
				C5616F8228B8EABA009F2050 /* Extension.appex */,
			);
			name = Products;
			sourceTree = "<group>";
		};
		C5616F6928B8E81F009F2050 /* Project19SafariExtension */ = {
			isa = PBXGroup;
			children = (
				C5616F6A28B8E81F009F2050 /* AppDelegate.swift */,
				C5616F6C28B8E81F009F2050 /* SceneDelegate.swift */,
				C5616F6E28B8E81F009F2050 /* ViewController.swift */,
				C5616F7028B8E81F009F2050 /* Main.storyboard */,
				C5616F7328B8E820009F2050 /* Assets.xcassets */,
				C5616F7528B8E820009F2050 /* LaunchScreen.storyboard */,
				C5616F7828B8E820009F2050 /* Info.plist */,
			);
			path = Project19SafariExtension;
			sourceTree = "<group>";
		};
		C5616F8328B8EABA009F2050 /* Frameworks */ = {
			isa = PBXGroup;
			children = (
				C5616F8428B8EABA009F2050 /* UniformTypeIdentifiers.framework */,
			);
			name = Frameworks;
			sourceTree = "<group>";
		};
		C5616F8628B8EABA009F2050 /* Extension */ = {
			isa = PBXGroup;
			children = (
				C5616F8728B8EABA009F2050 /* Media.xcassets */,
				C5616F8928B8EABB009F2050 /* ActionViewController.swift */,
				C5616F8B28B8EABB009F2050 /* MainInterface.storyboard */,
				C5616F8E28B8EABB009F2050 /* Info.plist */,
				C5616F9628B8F01D009F2050 /* Action.js */,
			);
			path = Extension;
			sourceTree = "<group>";
		};
/* End PBXGroup section */

/* Begin PBXNativeTarget section */
		C5616F6628B8E81F009F2050 /* Project19SafariExtension */ = {
			isa = PBXNativeTarget;
			buildConfigurationList = C5616F7B28B8E820009F2050 /* Build configuration list for PBXNativeTarget "Project19SafariExtension" */;
			buildPhases = (
				C5616F6328B8E81F009F2050 /* Sources */,
				C5616F6428B8E81F009F2050 /* Frameworks */,
				C5616F6528B8E81F009F2050 /* Resources */,
				C5616F9528B8EABB009F2050 /* Embed App Extensions */,
			);
			buildRules = (
			);
			dependencies = (
				C5616F9028B8EABB009F2050 /* PBXTargetDependency */,
			);
			name = Project19SafariExtension;
			productName = Project19SafariExtension;
			productReference = C5616F6728B8E81F009F2050 /* Project19SafariExtension.app */;
			productType = "com.apple.product-type.application";
		};
		C5616F8128B8EABA009F2050 /* Extension */ = {
			isa = PBXNativeTarget;
			buildConfigurationList = C5616F9228B8EABB009F2050 /* Build configuration list for PBXNativeTarget "Extension" */;
			buildPhases = (
				C5616F7E28B8EABA009F2050 /* Sources */,
				C5616F7F28B8EABA009F2050 /* Frameworks */,
				C5616F8028B8EABA009F2050 /* Resources */,
			);
			buildRules = (
			);
			dependencies = (
			);
			name = Extension;
			productName = Extension;
			productReference = C5616F8228B8EABA009F2050 /* Extension.appex */;
			productType = "com.apple.product-type.app-extension";
		};
/* End PBXNativeTarget section */

/* Begin PBXProject section */
		C5616F5F28B8E81F009F2050 /* Project object */ = {
			isa = PBXProject;
			attributes = {
				BuildIndependentTargetsInParallel = 1;
				LastSwiftUpdateCheck = 1340;
				LastUpgradeCheck = 1340;
				TargetAttributes = {
					C5616F6628B8E81F009F2050 = {
						CreatedOnToolsVersion = 13.4.1;
					};
					C5616F8128B8EABA009F2050 = {
						CreatedOnToolsVersion = 13.4.1;
					};
				};
			};
			buildConfigurationList = C5616F6228B8E81F009F2050 /* Build configuration list for PBXProject "Project19SafariExtension" */;
			compatibilityVersion = "Xcode 13.0";
			developmentRegion = en;
			hasScannedForEncodings = 0;
			knownRegions = (
				en,
				Base,
			);
			mainGroup = C5616F5E28B8E81F009F2050;
			productRefGroup = C5616F6828B8E81F009F2050 /* Products */;
			projectDirPath = "";
			projectRoot = "";
			targets = (
				C5616F6628B8E81F009F2050 /* Project19SafariExtension */,
				C5616F8128B8EABA009F2050 /* Extension */,
			);
		};
/* End PBXProject section */

/* Begin PBXResourcesBuildPhase section */
		C5616F6528B8E81F009F2050 /* Resources */ = {
			isa = PBXResourcesBuildPhase;
			buildActionMask = 2147483647;
			files = (
				C5616F7728B8E820009F2050 /* LaunchScreen.storyboard in Resources */,
				C5616F7428B8E820009F2050 /* Assets.xcassets in Resources */,
				C5616F7228B8E81F009F2050 /* Main.storyboard in Resources */,
			);
			runOnlyForDeploymentPostprocessing = 0;
		};
		C5616F8028B8EABA009F2050 /* Resources */ = {
			isa = PBXResourcesBuildPhase;
			buildActionMask = 2147483647;
			files = (
				C5616F9728B8F01D009F2050 /* Action.js in Resources */,
				C5616F8828B8EABB009F2050 /* Media.xcassets in Resources */,
				C5616F8D28B8EABB009F2050 /* MainInterface.storyboard in Resources */,
			);
			runOnlyForDeploymentPostprocessing = 0;
		};
/* End PBXResourcesBuildPhase section */

/* Begin PBXSourcesBuildPhase section */
		C5616F6328B8E81F009F2050 /* Sources */ = {
			isa = PBXSourcesBuildPhase;
			buildActionMask = 2147483647;
			files = (
				C5616F6F28B8E81F009F2050 /* ViewController.swift in Sources */,
				C5616F6B28B8E81F009F2050 /* AppDelegate.swift in Sources */,
				C5616F6D28B8E81F009F2050 /* SceneDelegate.swift in Sources */,
			);
			runOnlyForDeploymentPostprocessing = 0;
		};
		C5616F7E28B8EABA009F2050 /* Sources */ = {
			isa = PBXSourcesBuildPhase;
			buildActionMask = 2147483647;
			files = (
				C5616F8A28B8EABB009F2050 /* ActionViewController.swift in Sources */,
			);
			runOnlyForDeploymentPostprocessing = 0;
		};
/* End PBXSourcesBuildPhase section */

/* Begin PBXTargetDependency section */
		C5616F9028B8EABB009F2050 /* PBXTargetDependency */ = {
			isa = PBXTargetDependency;
			target = C5616F8128B8EABA009F2050 /* Extension */;
			targetProxy = C5616F8F28B8EABB009F2050 /* PBXContainerItemProxy */;
		};
/* End PBXTargetDependency section */

/* Begin PBXVariantGroup section */
		C5616F7028B8E81F009F2050 /* Main.storyboard */ = {
			isa = PBXVariantGroup;
			children = (
				C5616F7128B8E81F009F2050 /* Base */,
			);
			name = Main.storyboard;
			sourceTree = "<group>";
		};
		C5616F7528B8E820009F2050 /* LaunchScreen.storyboard */ = {
			isa = PBXVariantGroup;
			children = (
				C5616F7628B8E820009F2050 /* Base */,
			);
			name = LaunchScreen.storyboard;
			sourceTree = "<group>";
		};
		C5616F8B28B8EABB009F2050 /* MainInterface.storyboard */ = {
			isa = PBXVariantGroup;
			children = (
				C5616F8C28B8EABB009F2050 /* Base */,
			);
			name = MainInterface.storyboard;
			sourceTree = "<group>";
		};
/* End PBXVariantGroup section */

/* Begin XCBuildConfiguration section */
		C5616F7928B8E820009F2050 /* Debug */ = {
			isa = XCBuildConfiguration;
			buildSettings = {
				ALWAYS_SEARCH_USER_PATHS = NO;
				CLANG_ANALYZER_NONNULL = YES;
				CLANG_ANALYZER_NUMBER_OBJECT_CONVERSION = YES_AGGRESSIVE;
				CLANG_CXX_LANGUAGE_STANDARD = "gnu++17";
				CLANG_ENABLE_MODULES = YES;
				CLANG_ENABLE_OBJC_ARC = YES;
				CLANG_ENABLE_OBJC_WEAK = YES;
				CLANG_WARN_BLOCK_CAPTURE_AUTORELEASING = YES;
				CLANG_WARN_BOOL_CONVERSION = YES;
				CLANG_WARN_COMMA = YES;
				CLANG_WARN_CONSTANT_CONVERSION = YES;
				CLANG_WARN_DEPRECATED_OBJC_IMPLEMENTATIONS = YES;
				CLANG_WARN_DIRECT_OBJC_ISA_USAGE = YES_ERROR;
				CLANG_WARN_DOCUMENTATION_COMMENTS = YES;
				CLANG_WARN_EMPTY_BODY = YES;
				CLANG_WARN_ENUM_CONVERSION = YES;
				CLANG_WARN_INFINITE_RECURSION = YES;
				CLANG_WARN_INT_CONVERSION = YES;
				CLANG_WARN_NON_LITERAL_NULL_CONVERSION = YES;
				CLANG_WARN_OBJC_IMPLICIT_RETAIN_SELF = YES;
				CLANG_WARN_OBJC_LITERAL_CONVERSION = YES;
				CLANG_WARN_OBJC_ROOT_CLASS = YES_ERROR;
				CLANG_WARN_QUOTED_INCLUDE_IN_FRAMEWORK_HEADER = YES;
				CLANG_WARN_RANGE_LOOP_ANALYSIS = YES;
				CLANG_WARN_STRICT_PROTOTYPES = YES;
				CLANG_WARN_SUSPICIOUS_MOVE = YES;
				CLANG_WARN_UNGUARDED_AVAILABILITY = YES_AGGRESSIVE;
				CLANG_WARN_UNREACHABLE_CODE = YES;
				CLANG_WARN__DUPLICATE_METHOD_MATCH = YES;
				COPY_PHASE_STRIP = NO;
				DEBUG_INFORMATION_FORMAT = dwarf;
				ENABLE_STRICT_OBJC_MSGSEND = YES;
				ENABLE_TESTABILITY = YES;
				GCC_C_LANGUAGE_STANDARD = gnu11;
				GCC_DYNAMIC_NO_PIC = NO;
				GCC_NO_COMMON_BLOCKS = YES;
				GCC_OPTIMIZATION_LEVEL = 0;
				GCC_PREPROCESSOR_DEFINITIONS = (
					"DEBUG=1",
					"$(inherited)",
				);
				GCC_WARN_64_TO_32_BIT_CONVERSION = YES;
				GCC_WARN_ABOUT_RETURN_TYPE = YES_ERROR;
				GCC_WARN_UNDECLARED_SELECTOR = YES;
				GCC_WARN_UNINITIALIZED_AUTOS = YES_AGGRESSIVE;
				GCC_WARN_UNUSED_FUNCTION = YES;
				GCC_WARN_UNUSED_VARIABLE = YES;
				IPHONEOS_DEPLOYMENT_TARGET = 15.5;
				MTL_ENABLE_DEBUG_INFO = INCLUDE_SOURCE;
				MTL_FAST_MATH = YES;
				ONLY_ACTIVE_ARCH = YES;
				SDKROOT = iphoneos;
				SWIFT_ACTIVE_COMPILATION_CONDITIONS = DEBUG;
				SWIFT_OPTIMIZATION_LEVEL = "-Onone";
			};
			name = Debug;
		};
		C5616F7A28B8E820009F2050 /* Release */ = {
			isa = XCBuildConfiguration;
			buildSettings = {
				ALWAYS_SEARCH_USER_PATHS = NO;
				CLANG_ANALYZER_NONNULL = YES;
				CLANG_ANALYZER_NUMBER_OBJECT_CONVERSION = YES_AGGRESSIVE;
				CLANG_CXX_LANGUAGE_STANDARD = "gnu++17";
				CLANG_ENABLE_MODULES = YES;
				CLANG_ENABLE_OBJC_ARC = YES;
				CLANG_ENABLE_OBJC_WEAK = YES;
				CLANG_WARN_BLOCK_CAPTURE_AUTORELEASING = YES;
				CLANG_WARN_BOOL_CONVERSION = YES;
				CLANG_WARN_COMMA = YES;
				CLANG_WARN_CONSTANT_CONVERSION = YES;
				CLANG_WARN_DEPRECATED_OBJC_IMPLEMENTATIONS = YES;
				CLANG_WARN_DIRECT_OBJC_ISA_USAGE = YES_ERROR;
				CLANG_WARN_DOCUMENTATION_COMMENTS = YES;
				CLANG_WARN_EMPTY_BODY = YES;
				CLANG_WARN_ENUM_CONVERSION = YES;
				CLANG_WARN_INFINITE_RECURSION = YES;
				CLANG_WARN_INT_CONVERSION = YES;
				CLANG_WARN_NON_LITERAL_NULL_CONVERSION = YES;
				CLANG_WARN_OBJC_IMPLICIT_RETAIN_SELF = YES;
				CLANG_WARN_OBJC_LITERAL_CONVERSION = YES;
				CLANG_WARN_OBJC_ROOT_CLASS = YES_ERROR;
				CLANG_WARN_QUOTED_INCLUDE_IN_FRAMEWORK_HEADER = YES;
				CLANG_WARN_RANGE_LOOP_ANALYSIS = YES;
				CLANG_WARN_STRICT_PROTOTYPES = YES;
				CLANG_WARN_SUSPICIOUS_MOVE = YES;
				CLANG_WARN_UNGUARDED_AVAILABILITY = YES_AGGRESSIVE;
				CLANG_WARN_UNREACHABLE_CODE = YES;
				CLANG_WARN__DUPLICATE_METHOD_MATCH = YES;
				COPY_PHASE_STRIP = NO;
				DEBUG_INFORMATION_FORMAT = "dwarf-with-dsym";
				ENABLE_NS_ASSERTIONS = NO;
				ENABLE_STRICT_OBJC_MSGSEND = YES;
				GCC_C_LANGUAGE_STANDARD = gnu11;
				GCC_NO_COMMON_BLOCKS = YES;
				GCC_WARN_64_TO_32_BIT_CONVERSION = YES;
				GCC_WARN_ABOUT_RETURN_TYPE = YES_ERROR;
				GCC_WARN_UNDECLARED_SELECTOR = YES;
				GCC_WARN_UNINITIALIZED_AUTOS = YES_AGGRESSIVE;
				GCC_WARN_UNUSED_FUNCTION = YES;
				GCC_WARN_UNUSED_VARIABLE = YES;
				IPHONEOS_DEPLOYMENT_TARGET = 15.5;
				MTL_ENABLE_DEBUG_INFO = NO;
				MTL_FAST_MATH = YES;
				SDKROOT = iphoneos;
				SWIFT_COMPILATION_MODE = wholemodule;
				SWIFT_OPTIMIZATION_LEVEL = "-O";
				VALIDATE_PRODUCT = YES;
			};
			name = Release;
		};
		C5616F7C28B8E820009F2050 /* Debug */ = {
			isa = XCBuildConfiguration;
			buildSettings = {
				ALWAYS_EMBED_SWIFT_STANDARD_LIBRARIES = YES;
				ASSETCATALOG_COMPILER_APPICON_NAME = AppIcon;
				ASSETCATALOG_COMPILER_GLOBAL_ACCENT_COLOR_NAME = AccentColor;
				CODE_SIGN_STYLE = Automatic;
				CURRENT_PROJECT_VERSION = 1;
				DEVELOPMENT_TEAM = ACST29WRU8;
				GENERATE_INFOPLIST_FILE = YES;
				INFOPLIST_FILE = Project19SafariExtension/Info.plist;
				INFOPLIST_KEY_UIApplicationSupportsIndirectInputEvents = YES;
				INFOPLIST_KEY_UILaunchStoryboardName = LaunchScreen;
				INFOPLIST_KEY_UIMainStoryboardFile = Main;
				INFOPLIST_KEY_UISupportedInterfaceOrientations_iPad = "UIInterfaceOrientationPortrait UIInterfaceOrientationPortraitUpsideDown UIInterfaceOrientationLandscapeLeft UIInterfaceOrientationLandscapeRight";
				INFOPLIST_KEY_UISupportedInterfaceOrientations_iPhone = "UIInterfaceOrientationPortrait UIInterfaceOrientationLandscapeLeft UIInterfaceOrientationLandscapeRight";
				LD_RUNPATH_SEARCH_PATHS = (
					"$(inherited)",
					"@executable_path/Frameworks",
				);
				MARKETING_VERSION = 1.0;
				PRODUCT_BUNDLE_IDENTIFIER = com.Miran.Project19SafariExtension;
				PRODUCT_NAME = "$(TARGET_NAME)";
				SWIFT_EMIT_LOC_STRINGS = YES;
				SWIFT_VERSION = 5.0;
				TARGETED_DEVICE_FAMILY = "1,2";
			};
			name = Debug;
		};
		C5616F7D28B8E820009F2050 /* Release */ = {
			isa = XCBuildConfiguration;
			buildSettings = {
				ALWAYS_EMBED_SWIFT_STANDARD_LIBRARIES = YES;
				ASSETCATALOG_COMPILER_APPICON_NAME = AppIcon;
				ASSETCATALOG_COMPILER_GLOBAL_ACCENT_COLOR_NAME = AccentColor;
				CODE_SIGN_STYLE = Automatic;
				CURRENT_PROJECT_VERSION = 1;
				DEVELOPMENT_TEAM = ACST29WRU8;
				GENERATE_INFOPLIST_FILE = YES;
				INFOPLIST_FILE = Project19SafariExtension/Info.plist;
				INFOPLIST_KEY_UIApplicationSupportsIndirectInputEvents = YES;
				INFOPLIST_KEY_UILaunchStoryboardName = LaunchScreen;
				INFOPLIST_KEY_UIMainStoryboardFile = Main;
				INFOPLIST_KEY_UISupportedInterfaceOrientations_iPad = "UIInterfaceOrientationPortrait UIInterfaceOrientationPortraitUpsideDown UIInterfaceOrientationLandscapeLeft UIInterfaceOrientationLandscapeRight";
				INFOPLIST_KEY_UISupportedInterfaceOrientations_iPhone = "UIInterfaceOrientationPortrait UIInterfaceOrientationLandscapeLeft UIInterfaceOrientationLandscapeRight";
				LD_RUNPATH_SEARCH_PATHS = (
					"$(inherited)",
					"@executable_path/Frameworks",
				);
				MARKETING_VERSION = 1.0;
				PRODUCT_BUNDLE_IDENTIFIER = com.Miran.Project19SafariExtension;
				PRODUCT_NAME = "$(TARGET_NAME)";
				SWIFT_EMIT_LOC_STRINGS = YES;
				SWIFT_VERSION = 5.0;
				TARGETED_DEVICE_FAMILY = "1,2";
			};
			name = Release;
		};
		C5616F9328B8EABB009F2050 /* Debug */ = {
			isa = XCBuildConfiguration;
			buildSettings = {
				CODE_SIGN_STYLE = Automatic;
				CURRENT_PROJECT_VERSION = 1;
				DEVELOPMENT_TEAM = ACST29WRU8;
				GENERATE_INFOPLIST_FILE = YES;
				INFOPLIST_FILE = Extension/Info.plist;
				INFOPLIST_KEY_CFBundleDisplayName = Extension;
				INFOPLIST_KEY_NSHumanReadableCopyright = "";
				LD_RUNPATH_SEARCH_PATHS = (
					"$(inherited)",
					"@executable_path/Frameworks",
					"@executable_path/../../Frameworks",
				);
				MARKETING_VERSION = 1.0;
				PRODUCT_BUNDLE_IDENTIFIER = com.Miran.Project19SafariExtension.Extension;
				PRODUCT_NAME = "$(TARGET_NAME)";
				SKIP_INSTALL = YES;
				SWIFT_EMIT_LOC_STRINGS = YES;
				SWIFT_VERSION = 5.0;
				TARGETED_DEVICE_FAMILY = "1,2";
			};
			name = Debug;
		};
		C5616F9428B8EABB009F2050 /* Release */ = {
			isa = XCBuildConfiguration;
			buildSettings = {
				CODE_SIGN_STYLE = Automatic;
				CURRENT_PROJECT_VERSION = 1;
				DEVELOPMENT_TEAM = ACST29WRU8;
				GENERATE_INFOPLIST_FILE = YES;
				INFOPLIST_FILE = Extension/Info.plist;
				INFOPLIST_KEY_CFBundleDisplayName = Extension;
				INFOPLIST_KEY_NSHumanReadableCopyright = "";
				LD_RUNPATH_SEARCH_PATHS = (
					"$(inherited)",
					"@executable_path/Frameworks",
					"@executable_path/../../Frameworks",
				);
				MARKETING_VERSION = 1.0;
				PRODUCT_BUNDLE_IDENTIFIER = com.Miran.Project19SafariExtension.Extension;
				PRODUCT_NAME = "$(TARGET_NAME)";
				SKIP_INSTALL = YES;
				SWIFT_EMIT_LOC_STRINGS = YES;
				SWIFT_VERSION = 5.0;
				TARGETED_DEVICE_FAMILY = "1,2";
			};
			name = Release;
		};
/* End XCBuildConfiguration section */

/* Begin XCConfigurationList section */
		C5616F6228B8E81F009F2050 /* Build configuration list for PBXProject "Project19SafariExtension" */ = {
			isa = XCConfigurationList;
			buildConfigurations = (
				C5616F7928B8E820009F2050 /* Debug */,
				C5616F7A28B8E820009F2050 /* Release */,
			);
			defaultConfigurationIsVisible = 0;
			defaultConfigurationName = Release;
		};
		C5616F7B28B8E820009F2050 /* Build configuration list for PBXNativeTarget "Project19SafariExtension" */ = {
			isa = XCConfigurationList;
			buildConfigurations = (
				C5616F7C28B8E820009F2050 /* Debug */,
				C5616F7D28B8E820009F2050 /* Release */,
			);
			defaultConfigurationIsVisible = 0;
			defaultConfigurationName = Release;
		};
		C5616F9228B8EABB009F2050 /* Build configuration list for PBXNativeTarget "Extension" */ = {
			isa = XCConfigurationList;
			buildConfigurations = (
				C5616F9328B8EABB009F2050 /* Debug */,
				C5616F9428B8EABB009F2050 /* Release */,
			);
			defaultConfigurationIsVisible = 0;
			defaultConfigurationName = Release;
		};
/* End XCConfigurationList section */
	};
	rootObject = C5616F5F28B8E81F009F2050 /* Project object */;
}
